{
  "name": "sr25519-vectors-node",
  "lockfileVersion": 3,
  "requires": true,
  "packages": {
    "": {
      "name": "sr25519-vectors-node",
      "dependencies": {
        "@polkadot/util": "14.0.3",
        "@scure/sr25519": "2.2.0"
      }
    },
    "node_modules/@noble/curves": {
      "version": "2.2.0",
      "resolved": "https://registry.npmjs.org/@noble/curves/-/curves-2.2.0.tgz",
      "integrity": "sha512-T/BoHgFXirb0ENSPBquzX0rcjXeM6Lo892a2jlYJkqk83LqZx0l1Of7DzlKJ6jkpvMrkHSnAcgb5JegL8SeIkQ==",
      "license": "MIT",
      "dependencies": {
        "@noble/hashes": "2.2.0"
      },
      "engines": {
        "node": ">= 20.19.0"
      },
      "funding": {
        "url": "https://paulmillr.com/funding/"
      }
    },
    "node_modules/@noble/hashes": {
      "version": "2.2.0",
      "resolved": "https://registry.npmjs.org/@noble/hashes/-/hashes-2.2.0.tgz",
      "integrity": "sha512-IYqDGiTXab6FniAgnSdZwgWbomxpy9FtYvLKs7wCUs2a8RkITG+DFGO1DM9cr+E3/RgADRpFjrKVaJ1z6sjtEg==",
      "license": "MIT",
      "engines": {
        "node": ">= 20.19.0"
      },
      "funding": {
        "url": "https://paulmillr.com/funding/"
      }
    },
    "node_modules/@polkadot/util": {
      "version": "14.0.3",
      "resolved": "https://registry.npmjs.org/@polkadot/util/-/util-14.0.3.tgz",
      "integrity": "sha512-mg1NR7ixHlNiz2zbvdcdy1OXZmca2tVA4DpewGpY/qFkW/gq9HdDrHLu7g0k90QnunDcFW4emb7NB60sGJQ0bw==",
      "license": "Apache-2.0",
      "dependencies": {
        "@polkadot/x-bigint": "14.0.3",
        "@polkadot/x-global": "14.0.3",
        "@polkadot/x-textdecoder": "14.0.3",
        "@polkadot/x-textencoder": "14.0.3",
        "@types/bn.js": "^5.1.6",
        "bn.js": "^5.2.1",
        "tslib": "^2.8.0"
      },
      "engines": {
        "node": ">=18"
      }
    },
    "node_modules/@polkadot/x-bigint": {
      "version": "14.0.3",
      "resolved": "https://registry.npmjs.org/@polkadot/x-bigint/-/x-bigint-14.0.3.tgz",
      "integrity": "sha512-U0al6BKgldFrEbmSObRAlzv9VDs5SMa/rbvZKvvkVec0sWTzYPWQZU1ZC/biXLYdjdKML89BeuCKmXZtCcGhUQ==",
      "license": "Apache-2.0",
      "dependencies": {
        "@polkadot/x-global": "14.0.3",
        "tslib": "^2.8.0"
      },
      "engines": {
        "node": ">=18"
      }
    },
    "node_modules/@polkadot/x-global": {
      "version": "14.0.3",
      "resolved": "https://registry.npmjs.org/@polkadot/x-global/-/x-global-14.0.3.tgz",
      "integrity": "sha512-MzMEynJ7HMTy/plLmdyP8rv14RS/6s29HZodUG9aCOscBnEiEDxVEax/ztRJqxhhQuHeYdx0LYDwVbdQDTkqNw==",
      "license": "Apache-2.0",
      "dependencies": {
        "tslib": "^2.8.0"
      },
      "engines": {
        "node": ">=18"
      }
    },
    "node_modules/@polkadot/x-textdecoder": {
      "version": "14.0.3",
      "resolved": "https://registry.npmjs.org/@polkadot/x-textdecoder/-/x-textdecoder-14.0.3.tgz",
      "integrity": "sha512-4RJYDG00iUzQ7YAuS/yvkWRZlkjYU8PUNdJHRfqtJ+SjrSPB7LYYxFhLgw43TZUtHmIueNTsml2Ukv3xXTr2kA==",
      "license": "Apache-2.0",
      "dependencies": {
        "@polkadot/x-global": "14.0.3",
        "tslib": "^2.8.0"
      },
      "engines": {
        "node": ">=18"
      }
    },
    "node_modules/@polkadot/x-textencoder": {
      "version": "14.0.3",
      "resolved": "https://registry.npmjs.org/@polkadot/x-textencoder/-/x-textencoder-14.0.3.tgz",
      "integrity": "sha512-9HH6o2L+r99wEfXhPb5g+Xwn7qouqD32PsMux7B0dFGR2KNqP4KwO19Hu+gdij6wsEhy7delhZwzHenrWwDfhQ==",
      "license": "Apache-2.0",
      "dependencies": {
        "@polkadot/x-global": "14.0.3",
        "tslib": "^2.8.0"
      },
      "engines": {
        "node": ">=18"
      }
    },
    "node_modules/@scure/sr25519": {
      "version": "2.2.0",
      "resolved": "https://registry.npmjs.org/@scure/sr25519/-/sr25519-2.2.0.tgz",
      "integrity": "sha512-UTOZb6Hzw44REQdl2SWNBhBFIoqOIhMLNIz3zYyVQLbqdshhuyuuxYoibKHlDg9oqdwdCHQe5LkTsevugPpUbw==",
      "license": "MIT",
      "dependencies": {
        "@noble/curves": "~2.2.0",
        "@noble/hashes": "~2.2.0"
      },
      "engines": {
        "node": ">= 20.19.0"
      },
      "funding": {
        "url": "https://paulmillr.com/funding/"
      }
    },
    "node_modules/@types/bn.js": {
      "version": "5.2.0",
      "resolved": "https://registry.npmjs.org/@types/bn.js/-/bn.js-5.2.0.tgz",
      "integrity": "sha512-DLbJ1BPqxvQhIGbeu8VbUC1DiAiahHtAYvA0ZEAa4P31F7IaArc8z3C3BRQdWX4mtLQuABG4yzp76ZrS02Ui1Q==",
      "license": "MIT",
      "dependencies": {
        "@types/node": "*"
      }
    },
    "node_modules/@types/node": {
      "version": "26.1.0",
      "resolved": "https://registry.npmjs.org/@types/node/-/node-26.1.0.tgz",
      "integrity": "sha512-O0A1G3xPGy4w7AgQdAQYUlQ+BKk2Oovw8eRpofyp5KdBZULnbe+WqaOVNrm705SHphCiG4XHsACrSmPu1f+Kgw==",
      "license": "MIT",
      "dependencies": {
        "undici-types": "~8.3.0"
      }
    },
    "node_modules/bn.js": {
      "version": "5.2.4",
      "resolved": "https://registry.npmjs.org/bn.js/-/bn.js-5.2.4.tgz",
      "integrity": "sha512-QL7sb18rJ1PbdsKsqPA0guxL563vIMwRHgzNrW/uzQuRGN1Cjqd/wonUBAVqHox9KwzHA6vCbM0lXx3k4iQMow==",
      "license": "MIT"
    },
    "node_modules/tslib": {
      "version": "2.8.1",
      "resolved": "https://registry.npmjs.org/tslib/-/tslib-2.8.1.tgz",
      "integrity": "sha512-oJFu94HQb+KVduSUQL7wnpmqnfmLsOA/nAh6b6EH0wCEoK0/mPeXU6c3wKDV83MkOuHPRHtSXKKU99IBazS/2w==",
      "license": "0BSD"
    },
    "node_modules/undici-types": {
      "version": "8.3.0",
      "resolved": "https://registry.npmjs.org/undici-types/-/undici-types-8.3.0.tgz",
      "integrity": "sha512-j375ScV60dom+YkPFIfTLcOiPxkN/buHz5GobjLhixFuANaNs3C9l4GmrWqejgXWJ7BbJcFYpTEUkS1Ge8bpZQ==",
      "license": "MIT"
    }
  }
}
